
Microsoft Visual Studio Solution File, Format Version 12.00
# Visual Studio Version 17
VisualStudioVersion = 17.11.35327.3
MinimumVisualStudioVersion = 10.0.40219.1
Project("{9A19103F-16F7-4668-BE54-9A1E7A4F7556}") = "ChatServer", "ChatServer\ChatServer.csproj", "{4503037C-2AAD-4339-B75E-33D7E723A86C}"
EndProject
Project("{FAE04EC0-301F-11D3-BF4B-00C04F79EFBC}") = "ChatClient", "ChatClient\ChatClient.csproj", "{F171C91E-8914-4089-B5F7-729879BE8FAF}"
EndProject
Global
	GlobalSection(SolutionConfigurationPlatforms) = preSolution
		Debug|Any CPU = Debug|Any CPU
		Release|Any CPU = Release|Any CPU
	EndGlobalSection
	GlobalSection(ProjectConfigurationPlatforms) = postSolution
		{4503037C-2AAD-4339-B75E-33D7E723A86C}.Debug|Any CPU.ActiveCfg = Debug|Any CPU
		{4503037C-2AAD-4339-B75E-33D7E723A86C}.Debug|Any CPU.Build.0 = Debug|Any CPU
		{4503037C-2AAD-4339-B75E-33D7E723A86C}.Release|Any CPU.ActiveCfg = Release|Any CPU
		{4503037C-2AAD-4339-B75E-33D7E723A86C}.Release|Any CPU.Build.0 = Release|Any CPU
		{F171C91E-8914-4089-B5F7-729879BE8FAF}.Debug|Any CPU.ActiveCfg = Debug|Any CPU
		{F171C91E-8914-4089-B5F7-729879BE8FAF}.Debug|Any CPU.Build.0 = Debug|Any CPU
		{F171C91E-8914-4089-B5F7-729879BE8FAF}.Release|Any CPU.ActiveCfg = Release|Any CPU
		{F171C91E-8914-4089-B5F7-729879BE8FAF}.Release|Any CPU.Build.0 = Release|Any CPU
	EndGlobalSection
	GlobalSection(SolutionProperties) = preSolution
		HideSolutionNode = FALSE
	EndGlobalSection
	GlobalSection(ExtensibilityGlobals) = postSolution
		SolutionGuid = {ECD068D1-7B06-4C9C-87D9-8B3EFDFE6453}
	EndGlobalSection
EndGlobal
